
Microsoft Visual Studio Solution File, Format Version 12.00
# Visual Studio Version 17
VisualStudioVersion = 17.6.33815.320
MinimumVisualStudioVersion = 10.0.40219.1
Project("{FAE04EC0-301F-11D3-BF4B-00C04F79EFBC}") = "CowboyAPI", "CowboyAPI\CowboyAPI.csproj", "{F1CE4198-1CA7-42A3-A7ED-C446BEA7B44E}"
EndProject
Global
	GlobalSection(SolutionConfigurationPlatforms) = preSolution
		Debug|Any CPU = Debug|Any CPU
		Release|Any CPU = Release|Any CPU
	EndGlobalSection
	GlobalSection(ProjectConfigurationPlatforms) = postSolution
		{F1CE4198-1CA7-42A3-A7ED-C446BEA7B44E}.Debug|Any CPU.ActiveCfg = Debug|Any CPU
		{F1CE4198-1CA7-42A3-A7ED-C446BEA7B44E}.Debug|Any CPU.Build.0 = Debug|Any CPU
		{F1CE4198-1CA7-42A3-A7ED-C446BEA7B44E}.Release|Any CPU.ActiveCfg = Release|Any CPU
		{F1CE4198-1CA7-42A3-A7ED-C446BEA7B44E}.Release|Any CPU.Build.0 = Release|Any CPU
	EndGlobalSection
	GlobalSection(SolutionProperties) = preSolution
		HideSolutionNode = FALSE
	EndGlobalSection
	GlobalSection(ExtensibilityGlobals) = postSolution
		SolutionGuid = {EC2E5593-B32D-4CDC-B15B-91E99279CDC4}
	EndGlobalSection
EndGlobal
